
Microsoft Visual Studio Solution File, Format Version 12.00
# Visual Studio Version 17
VisualStudioVersion = 17.14.36518.9 d17.14
MinimumVisualStudioVersion = 10.0.40219.1
Project("{FAE04EC0-301F-11D3-BF4B-00C04F79EFBC}") = "NNTP_News_Group_Reader_2", "NNTP_News_Group_Reader_2\NNTP_News_Group_Reader_2.csproj", "{A94F7252-E20F-4BAC-8D3E-75E3215BB756}"
EndProject
Project("{FAE04EC0-301F-11D3-BF4B-00C04F79EFBC}") = "NNTP_Spikes", "NNTP_Spikes\NNTP_Spikes.csproj", "{663021C3-7514-404C-B613-5E4FEE422C66}"
EndProject
Project("{FAE04EC0-301F-11D3-BF4B-00C04F79EFBC}") = "NNTP_Tests", "NNTP_Tests\NNTP_Tests.csproj", "{07D8AAE4-680D-49EA-8037-194A2FFDF42D}"
EndProject
Global
	GlobalSection(SolutionConfigurationPlatforms) = preSolution
		Debug|Any CPU = Debug|Any CPU
		Release|Any CPU = Release|Any CPU
	EndGlobalSection
	GlobalSection(ProjectConfigurationPlatforms) = postSolution
		{A94F7252-E20F-4BAC-8D3E-75E3215BB756}.Debug|Any CPU.ActiveCfg = Debug|Any CPU
		{A94F7252-E20F-4BAC-8D3E-75E3215BB756}.Debug|Any CPU.Build.0 = Debug|Any CPU
		{A94F7252-E20F-4BAC-8D3E-75E3215BB756}.Release|Any CPU.ActiveCfg = Release|Any CPU
		{A94F7252-E20F-4BAC-8D3E-75E3215BB756}.Release|Any CPU.Build.0 = Release|Any CPU
		{663021C3-7514-404C-B613-5E4FEE422C66}.Debug|Any CPU.ActiveCfg = Debug|Any CPU
		{663021C3-7514-404C-B613-5E4FEE422C66}.Debug|Any CPU.Build.0 = Debug|Any CPU
		{663021C3-7514-404C-B613-5E4FEE422C66}.Release|Any CPU.ActiveCfg = Release|Any CPU
		{663021C3-7514-404C-B613-5E4FEE422C66}.Release|Any CPU.Build.0 = Release|Any CPU
		{07D8AAE4-680D-49EA-8037-194A2FFDF42D}.Debug|Any CPU.ActiveCfg = Debug|Any CPU
		{07D8AAE4-680D-49EA-8037-194A2FFDF42D}.Debug|Any CPU.Build.0 = Debug|Any CPU
		{07D8AAE4-680D-49EA-8037-194A2FFDF42D}.Release|Any CPU.ActiveCfg = Release|Any CPU
		{07D8AAE4-680D-49EA-8037-194A2FFDF42D}.Release|Any CPU.Build.0 = Release|Any CPU
	EndGlobalSection
	GlobalSection(SolutionProperties) = preSolution
		HideSolutionNode = FALSE
	EndGlobalSection
	GlobalSection(ExtensibilityGlobals) = postSolution
		SolutionGuid = {F1E89F8E-75C0-4E99-9634-BC31D1944B2C}
	EndGlobalSection
EndGlobal
